
Microsoft Visual Studio Solution File, Format Version 12.00
# Visual Studio Version 16
VisualStudioVersion = 16.0.30621.155
MinimumVisualStudioVersion = 15.0.26124.0
Project("{FAE04EC0-301F-11D3-BF4B-00C04F79EFBC}") = "Domain", "Domain\Domain.csproj", "{D26324E3-42FD-4618-AB3A-C9CB2018255D}"
EndProject
Project("{FAE04EC0-301F-11D3-BF4B-00C04F79EFBC}") = "Data", "Data\Data.csproj", "{692FA337-8146-415D-AF23-A8A140C79334}"
EndProject
Project("{FAE04EC0-301F-11D3-BF4B-00C04F79EFBC}") = "Infra", "Infra\Infra.csproj", "{2DFC93DA-FCC8-48E1-A59E-492C22F77719}"
EndProject
Project("{FAE04EC0-301F-11D3-BF4B-00C04F79EFBC}") = "Tests", "Tests\Tests.csproj", "{8E2BBEB3-18E6-4F47-9DD1-CDD104A175BF}"
EndProject
Project("{FAE04EC0-301F-11D3-BF4B-00C04F79EFBC}") = "Api", "Api\Api.csproj", "{A15CD0B4-BB0E-401A-A4E3-A9645F8970BC}"
EndProject
Project("{FAE04EC0-301F-11D3-BF4B-00C04F79EFBC}") = "Services", "Services\Services.csproj", "{DCFEFA88-07D0-4E22-8A3A-B7D4C5421605}"
EndProject
Global
	GlobalSection(SolutionConfigurationPlatforms) = preSolution
		Debug|Any CPU = Debug|Any CPU
		Debug|x64 = Debug|x64
		Debug|x86 = Debug|x86
		Release|Any CPU = Release|Any CPU
		Release|x64 = Release|x64
		Release|x86 = Release|x86
	EndGlobalSection
	GlobalSection(ProjectConfigurationPlatforms) = postSolution
		{D26324E3-42FD-4618-AB3A-C9CB2018255D}.Debug|Any CPU.ActiveCfg = Debug|Any CPU
		{D26324E3-42FD-4618-AB3A-C9CB2018255D}.Debug|Any CPU.Build.0 = Debug|Any CPU
		{D26324E3-42FD-4618-AB3A-C9CB2018255D}.Debug|x64.ActiveCfg = Debug|Any CPU
		{D26324E3-42FD-4618-AB3A-C9CB2018255D}.Debug|x64.Build.0 = Debug|Any CPU
		{D26324E3-42FD-4618-AB3A-C9CB2018255D}.Debug|x86.ActiveCfg = Debug|Any CPU
		{D26324E3-42FD-4618-AB3A-C9CB2018255D}.Debug|x86.Build.0 = Debug|Any CPU
		{D26324E3-42FD-4618-AB3A-C9CB2018255D}.Release|Any CPU.ActiveCfg = Release|Any CPU
		{D26324E3-42FD-4618-AB3A-C9CB2018255D}.Release|Any CPU.Build.0 = Release|Any CPU
		{D26324E3-42FD-4618-AB3A-C9CB2018255D}.Release|x64.ActiveCfg = Release|Any CPU
		{D26324E3-42FD-4618-AB3A-C9CB2018255D}.Release|x64.Build.0 = Release|Any CPU
		{D26324E3-42FD-4618-AB3A-C9CB2018255D}.Release|x86.ActiveCfg = Release|Any CPU
		{D26324E3-42FD-4618-AB3A-C9CB2018255D}.Release|x86.Build.0 = Release|Any CPU
		{692FA337-8146-415D-AF23-A8A140C79334}.Debug|Any CPU.ActiveCfg = Debug|Any CPU
		{692FA337-8146-415D-AF23-A8A140C79334}.Debug|Any CPU.Build.0 = Debug|Any CPU
		{692FA337-8146-415D-AF23-A8A140C79334}.Debug|x64.ActiveCfg = Debug|Any CPU
		{692FA337-8146-415D-AF23-A8A140C79334}.Debug|x64.Build.0 = Debug|Any CPU
		{692FA337-8146-415D-AF23-A8A140C79334}.Debug|x86.ActiveCfg = Debug|Any CPU
		{692FA337-8146-415D-AF23-A8A140C79334}.Debug|x86.Build.0 = Debug|Any CPU
		{692FA337-8146-415D-AF23-A8A140C79334}.Release|Any CPU.ActiveCfg = Release|Any CPU
		{692FA337-8146-415D-AF23-A8A140C79334}.Release|Any CPU.Build.0 = Release|Any CPU
		{692FA337-8146-415D-AF23-A8A140C79334}.Release|x64.ActiveCfg = Release|Any CPU
		{692FA337-8146-415D-AF23-A8A140C79334}.Release|x64.Build.0 = Release|Any CPU
		{692FA337-8146-415D-AF23-A8A140C79334}.Release|x86.ActiveCfg = Release|Any CPU
		{692FA337-8146-415D-AF23-A8A140C79334}.Release|x86.Build.0 = Release|Any CPU
		{2DFC93DA-FCC8-48E1-A59E-492C22F77719}.Debug|Any CPU.ActiveCfg = Debug|Any CPU
		{2DFC93DA-FCC8-48E1-A59E-492C22F77719}.Debug|Any CPU.Build.0 = Debug|Any CPU
		{2DFC93DA-FCC8-48E1-A59E-492C22F77719}.Debug|x64.ActiveCfg = Debug|Any CPU
		{2DFC93DA-FCC8-48E1-A59E-492C22F77719}.Debug|x64.Build.0 = Debug|Any CPU
		{2DFC93DA-FCC8-48E1-A59E-492C22F77719}.Debug|x86.ActiveCfg = Debug|Any CPU
		{2DFC93DA-FCC8-48E1-A59E-492C22F77719}.Debug|x86.Build.0 = Debug|Any CPU
		{2DFC93DA-FCC8-48E1-A59E-492C22F77719}.Release|Any CPU.ActiveCfg = Release|Any CPU
		{2DFC93DA-FCC8-48E1-A59E-492C22F77719}.Release|Any CPU.Build.0 = Release|Any CPU
		{2DFC93DA-FCC8-48E1-A59E-492C22F77719}.Release|x64.ActiveCfg = Release|Any CPU
		{2DFC93DA-FCC8-48E1-A59E-492C22F77719}.Release|x64.Build.0 = Release|Any CPU
		{2DFC93DA-FCC8-48E1-A59E-492C22F77719}.Release|x86.ActiveCfg = Release|Any CPU
		{2DFC93DA-FCC8-48E1-A59E-492C22F77719}.Release|x86.Build.0 = Release|Any CPU
		{8E2BBEB3-18E6-4F47-9DD1-CDD104A175BF}.Debug|Any CPU.ActiveCfg = Debug|Any CPU
		{8E2BBEB3-18E6-4F47-9DD1-CDD104A175BF}.Debug|Any CPU.Build.0 = Debug|Any CPU
		{8E2BBEB3-18E6-4F47-9DD1-CDD104A175BF}.Debug|x64.ActiveCfg = Debug|Any CPU
		{8E2BBEB3-18E6-4F47-9DD1-CDD104A175BF}.Debug|x64.Build.0 = Debug|Any CPU
		{8E2BBEB3-18E6-4F47-9DD1-CDD104A175BF}.Debug|x86.ActiveCfg = Debug|Any CPU
		{8E2BBEB3-18E6-4F47-9DD1-CDD104A175BF}.Debug|x86.Build.0 = Debug|Any CPU
		{8E2BBEB3-18E6-4F47-9DD1-CDD104A175BF}.Release|Any CPU.ActiveCfg = Release|Any CPU
		{8E2BBEB3-18E6-4F47-9DD1-CDD104A175BF}.Release|Any CPU.Build.0 = Release|Any CPU
		{8E2BBEB3-18E6-4F47-9DD1-CDD104A175BF}.Release|x64.ActiveCfg = Release|Any CPU
		{8E2BBEB3-18E6-4F47-9DD1-CDD104A175BF}.Release|x64.Build.0 = Release|Any CPU
		{8E2BBEB3-18E6-4F47-9DD1-CDD104A175BF}.Release|x86.ActiveCfg = Release|Any CPU
		{8E2BBEB3-18E6-4F47-9DD1-CDD104A175BF}.Release|x86.Build.0 = Release|Any CPU
		{A15CD0B4-BB0E-401A-A4E3-A9645F8970BC}.Debug|Any CPU.ActiveCfg = Debug|Any CPU
		{A15CD0B4-BB0E-401A-A4E3-A9645F8970BC}.Debug|Any CPU.Build.0 = Debug|Any CPU
		{A15CD0B4-BB0E-401A-A4E3-A9645F8970BC}.Debug|x64.ActiveCfg = Debug|Any CPU
		{A15CD0B4-BB0E-401A-A4E3-A9645F8970BC}.Debug|x64.Build.0 = Debug|Any CPU
		{A15CD0B4-BB0E-401A-A4E3-A9645F8970BC}.Debug|x86.ActiveCfg = Debug|Any CPU
		{A15CD0B4-BB0E-401A-A4E3-A9645F8970BC}.Debug|x86.Build.0 = Debug|Any CPU
		{A15CD0B4-BB0E-401A-A4E3-A9645F8970BC}.Release|Any CPU.ActiveCfg = Release|Any CPU
		{A15CD0B4-BB0E-401A-A4E3-A9645F8970BC}.Release|Any CPU.Build.0 = Release|Any CPU
		{A15CD0B4-BB0E-401A-A4E3-A9645F8970BC}.Release|x64.ActiveCfg = Release|Any CPU
		{A15CD0B4-BB0E-401A-A4E3-A9645F8970BC}.Release|x64.Build.0 = Release|Any CPU
		{A15CD0B4-BB0E-401A-A4E3-A9645F8970BC}.Release|x86.ActiveCfg = Release|Any CPU
		{A15CD0B4-BB0E-401A-A4E3-A9645F8970BC}.Release|x86.Build.0 = Release|Any CPU
		{DCFEFA88-07D0-4E22-8A3A-B7D4C5421605}.Debug|Any CPU.ActiveCfg = Debug|Any CPU
		{DCFEFA88-07D0-4E22-8A3A-B7D4C5421605}.Debug|Any CPU.Build.0 = Debug|Any CPU
		{DCFEFA88-07D0-4E22-8A3A-B7D4C5421605}.Debug|x64.ActiveCfg = Debug|Any CPU
		{DCFEFA88-07D0-4E22-8A3A-B7D4C5421605}.Debug|x64.Build.0 = Debug|Any CPU
		{DCFEFA88-07D0-4E22-8A3A-B7D4C5421605}.Debug|x86.ActiveCfg = Debug|Any CPU
		{DCFEFA88-07D0-4E22-8A3A-B7D4C5421605}.Debug|x86.Build.0 = Debug|Any CPU
		{DCFEFA88-07D0-4E22-8A3A-B7D4C5421605}.Release|Any CPU.ActiveCfg = Release|Any CPU
		{DCFEFA88-07D0-4E22-8A3A-B7D4C5421605}.Release|Any CPU.Build.0 = Release|Any CPU
		{DCFEFA88-07D0-4E22-8A3A-B7D4C5421605}.Release|x64.ActiveCfg = Release|Any CPU
		{DCFEFA88-07D0-4E22-8A3A-B7D4C5421605}.Release|x64.Build.0 = Release|Any CPU
		{DCFEFA88-07D0-4E22-8A3A-B7D4C5421605}.Release|x86.ActiveCfg = Release|Any CPU
		{DCFEFA88-07D0-4E22-8A3A-B7D4C5421605}.Release|x86.Build.0 = Release|Any CPU
	EndGlobalSection
	GlobalSection(SolutionProperties) = preSolution
		HideSolutionNode = FALSE
	EndGlobalSection
	GlobalSection(ExtensibilityGlobals) = postSolution
		SolutionGuid = {AB4B7A66-3678-4271-BDCB-9382AE6316F8}
	EndGlobalSection
EndGlobal
